PODS:
  - JKServiceManager (0.1.0)
  - Nimble (5.1.1)
  - Quick (1.0.0)

DEPENDENCIES:
  - JKServiceManager (from `../`)
  - Nimble (~> 5.1.1)
  - Quick (~> 1.0.0)

EXTERNAL SOURCES:
  JKServiceManager:
    :path: ../

SPEC CHECKSUMS:
  JKServiceManager: e1d0ab2bcb59298c4d59a6ef4de6738f5fa107be
  Nimble: 415e3aa3267e7bc2c96b05fa814ddea7bb686a29
  Quick: 8024e4a47e6cc03a9d5245ef0948264fc6d27cff

PODFILE CHECKSUM: 40c60ff0a0c5f3a01d266d9468f62f10c6920905

COCOAPODS: 1.2.1
